
Microsoft Visual Studio Solution File, Format Version 12.00
# Visual Studio Version 17
VisualStudioVersion = 17.3.32819.101
MinimumVisualStudioVersion = 10.0.40219.1
Project("{9A19103F-16F7-4668-BE54-9A1E7A4F7556}") = "ParcelFabric", "ParcelFabric.csproj", "{BAA8E64B-D451-4C2F-B8AC-040B8DC169B1}"
EndProject
Global
	GlobalSection(SolutionConfigurationPlatforms) = preSolution
		Debug|Any CPU = Debug|Any CPU
		Release|Any CPU = Release|Any CPU
	EndGlobalSection
	GlobalSection(ProjectConfigurationPlatforms) = postSolution
		{BAA8E64B-D451-4C2F-B8AC-040B8DC169B1}.Debug|Any CPU.ActiveCfg = Debug|Any CPU
		{BAA8E64B-D451-4C2F-B8AC-040B8DC169B1}.Debug|Any CPU.Build.0 = Debug|Any CPU
		{BAA8E64B-D451-4C2F-B8AC-040B8DC169B1}.Release|Any CPU.ActiveCfg = Release|Any CPU
		{BAA8E64B-D451-4C2F-B8AC-040B8DC169B1}.Release|Any CPU.Build.0 = Release|Any CPU
	EndGlobalSection
	GlobalSection(SolutionProperties) = preSolution
		HideSolutionNode = FALSE
	EndGlobalSection
	GlobalSection(ExtensibilityGlobals) = postSolution
		SolutionGuid = {3DA370A6-A5BD-4B78-8CB8-0BDEEFC7D9DC}
	EndGlobalSection
EndGlobal
