
Microsoft Visual Studio Solution File, Format Version 12.00
# Visual Studio Version 17
VisualStudioVersion = 17.1.32319.34
MinimumVisualStudioVersion = 10.0.40219.1
Project("{9A19103F-16F7-4668-BE54-9A1E7A4F7556}") = "Task", "Task.csproj", "{608F3358-D5D9-4059-93E8-FCE8D831B69A}"
EndProject
Global
	GlobalSection(SolutionConfigurationPlatforms) = preSolution
		Debug|Any CPU = Debug|Any CPU
		Release|Any CPU = Release|Any CPU
	EndGlobalSection
	GlobalSection(ProjectConfigurationPlatforms) = postSolution
		{608F3358-D5D9-4059-93E8-FCE8D831B69A}.Debug|Any CPU.ActiveCfg = Debug|Any CPU
		{608F3358-D5D9-4059-93E8-FCE8D831B69A}.Debug|Any CPU.Build.0 = Debug|Any CPU
		{608F3358-D5D9-4059-93E8-FCE8D831B69A}.Release|Any CPU.ActiveCfg = Release|Any CPU
		{608F3358-D5D9-4059-93E8-FCE8D831B69A}.Release|Any CPU.Build.0 = Release|Any CPU
	EndGlobalSection
	GlobalSection(SolutionProperties) = preSolution
		HideSolutionNode = FALSE
	EndGlobalSection
	GlobalSection(ExtensibilityGlobals) = postSolution
		SolutionGuid = {C55728B6-3AFB-49FF-BB0E-7DA42401BFC4}
	EndGlobalSection
EndGlobal
