
Microsoft Visual Studio Solution File, Format Version 12.00
# Visual Studio Version 17
VisualStudioVersion = 17.3.32922.545
MinimumVisualStudioVersion = 10.0.40219.1
Project("{9A19103F-16F7-4668-BE54-9A1E7A4F7556}") = "Content", "Content.csproj", "{AE1296BC-956A-4AB3-9C01-4CA3E8759C0A}"
EndProject
Global
	GlobalSection(SolutionConfigurationPlatforms) = preSolution
		Debug|Any CPU = Debug|Any CPU
		Release|Any CPU = Release|Any CPU
	EndGlobalSection
	GlobalSection(ProjectConfigurationPlatforms) = postSolution
		{AE1296BC-956A-4AB3-9C01-4CA3E8759C0A}.Debug|Any CPU.ActiveCfg = Debug|Any CPU
		{AE1296BC-956A-4AB3-9C01-4CA3E8759C0A}.Debug|Any CPU.Build.0 = Debug|Any CPU
		{AE1296BC-956A-4AB3-9C01-4CA3E8759C0A}.Release|Any CPU.ActiveCfg = Release|Any CPU
		{AE1296BC-956A-4AB3-9C01-4CA3E8759C0A}.Release|Any CPU.Build.0 = Release|Any CPU
	EndGlobalSection
	GlobalSection(SolutionProperties) = preSolution
		HideSolutionNode = FALSE
	EndGlobalSection
	GlobalSection(ExtensibilityGlobals) = postSolution
		SolutionGuid = {2F2A8509-62CE-4389-8D3F-699041C9C5F7}
	EndGlobalSection
EndGlobal
