
Microsoft Visual Studio Solution File, Format Version 12.00
# Visual Studio Version 17
VisualStudioVersion = 17.2.32802.462
MinimumVisualStudioVersion = 10.0.40219.1
Project("{9A19103F-16F7-4668-BE54-9A1E7A4F7556}") = "Editing", "Editing.csproj", "{F42BB5FD-D9D1-4D6A-9421-013E7155FE79}"
EndProject
Global
	GlobalSection(SolutionConfigurationPlatforms) = preSolution
		Debug|Any CPU = Debug|Any CPU
		Release|Any CPU = Release|Any CPU
	EndGlobalSection
	GlobalSection(ProjectConfigurationPlatforms) = postSolution
		{F42BB5FD-D9D1-4D6A-9421-013E7155FE79}.Debug|Any CPU.ActiveCfg = Debug|Any CPU
		{F42BB5FD-D9D1-4D6A-9421-013E7155FE79}.Debug|Any CPU.Build.0 = Debug|Any CPU
		{F42BB5FD-D9D1-4D6A-9421-013E7155FE79}.Release|Any CPU.ActiveCfg = Release|Any CPU
		{F42BB5FD-D9D1-4D6A-9421-013E7155FE79}.Release|Any CPU.Build.0 = Release|Any CPU
	EndGlobalSection
	GlobalSection(SolutionProperties) = preSolution
		HideSolutionNode = FALSE
	EndGlobalSection
	GlobalSection(ExtensibilityGlobals) = postSolution
		SolutionGuid = {C20E5EB3-DB69-4353-A085-EE0C747A1757}
	EndGlobalSection
EndGlobal
