
Microsoft Visual Studio Solution File, Format Version 12.00
# Visual Studio Version 17
VisualStudioVersion = 17.1.32319.34
MinimumVisualStudioVersion = 10.0.40219.1
Project("{9A19103F-16F7-4668-BE54-9A1E7A4F7556}") = "Sharing", "Sharing.csproj", "{ADD08785-6DF6-4E76-94F2-5B130226771C}"
EndProject
Global
	GlobalSection(SolutionConfigurationPlatforms) = preSolution
		Debug|Any CPU = Debug|Any CPU
		Release|Any CPU = Release|Any CPU
	EndGlobalSection
	GlobalSection(ProjectConfigurationPlatforms) = postSolution
		{ADD08785-6DF6-4E76-94F2-5B130226771C}.Debug|Any CPU.ActiveCfg = Debug|Any CPU
		{ADD08785-6DF6-4E76-94F2-5B130226771C}.Debug|Any CPU.Build.0 = Debug|Any CPU
		{ADD08785-6DF6-4E76-94F2-5B130226771C}.Release|Any CPU.ActiveCfg = Release|Any CPU
		{ADD08785-6DF6-4E76-94F2-5B130226771C}.Release|Any CPU.Build.0 = Release|Any CPU
	EndGlobalSection
	GlobalSection(SolutionProperties) = preSolution
		HideSolutionNode = FALSE
	EndGlobalSection
	GlobalSection(ExtensibilityGlobals) = postSolution
		SolutionGuid = {5638D077-1D7D-4AAD-B376-B15A667D0379}
	EndGlobalSection
EndGlobal
