
Microsoft Visual Studio Solution File, Format Version 12.00
# Visual Studio Version 17
VisualStudioVersion = 17.3.32819.101
MinimumVisualStudioVersion = 10.0.40219.1
Project("{9A19103F-16F7-4668-BE54-9A1E7A4F7556}") = "MapAuthoring", "MapAuthoring.csproj", "{780F66BC-849F-4980-B5DF-923C1808B86B}"
EndProject
Global
	GlobalSection(SolutionConfigurationPlatforms) = preSolution
		Debug|Any CPU = Debug|Any CPU
		Release|Any CPU = Release|Any CPU
	EndGlobalSection
	GlobalSection(ProjectConfigurationPlatforms) = postSolution
		{780F66BC-849F-4980-B5DF-923C1808B86B}.Debug|Any CPU.ActiveCfg = Debug|Any CPU
		{780F66BC-849F-4980-B5DF-923C1808B86B}.Debug|Any CPU.Build.0 = Debug|Any CPU
		{780F66BC-849F-4980-B5DF-923C1808B86B}.Release|Any CPU.ActiveCfg = Release|Any CPU
		{780F66BC-849F-4980-B5DF-923C1808B86B}.Release|Any CPU.Build.0 = Release|Any CPU
	EndGlobalSection
	GlobalSection(SolutionProperties) = preSolution
		HideSolutionNode = FALSE
	EndGlobalSection
	GlobalSection(ExtensibilityGlobals) = postSolution
		SolutionGuid = {29034FB5-D96E-41BC-9A97-388AB2BFD702}
	EndGlobalSection
EndGlobal
