
Microsoft Visual Studio Solution File, Format Version 12.00
# Visual Studio 15
Project("{FAE04EC0-301F-11D3-BF4B-00C04F79EFBC}") = "Content", "Content.csproj", "{60013234-CCE0-B0CF-D5F8-3BA641571731}"
EndProject
Project("{FAE04EC0-301F-11D3-BF4B-00C04F79EFBC}") = "CoreHost", "CoreHost.csproj", "{EC7DA7C2-D84A-02CE-0164-F075ED8F375C}"
EndProject
Project("{FAE04EC0-301F-11D3-BF4B-00C04F79EFBC}") = "Editing", "Editing.csproj", "{695223B4-D531-A24F-DE49-2D264AA808B1}"
EndProject
Project("{FAE04EC0-301F-11D3-BF4B-00C04F79EFBC}") = "Framework", "Framework.csproj", "{1362EE31-7FCC-A2A8-C80A-544E34B480FD}"
EndProject
Project("{FAE04EC0-301F-11D3-BF4B-00C04F79EFBC}") = "GeoProcessing", "GeoProcessing.csproj", "{9DC590DF-0986-0C16-D2C0-55933E4051F2}"
EndProject
Project("{FAE04EC0-301F-11D3-BF4B-00C04F79EFBC}") = "GeodatabaseSDK", "GeodatabaseSDK.csproj", "{37503055-231E-245B-0CB2-9481F81E00C0}"
EndProject
Project("{FAE04EC0-301F-11D3-BF4B-00C04F79EFBC}") = "Geometry", "Geometry.csproj", "{31B8896B-1D85-E476-469E-D21E32CA1905}"
EndProject
Project("{FAE04EC0-301F-11D3-BF4B-00C04F79EFBC}") = "GraphicsLayers", "GraphicsLayers.csproj", "{E63AE9CD-D208-DDD3-BB9C-4DFAA709B938}"
EndProject
Project("{FAE04EC0-301F-11D3-BF4B-00C04F79EFBC}") = "Layouts", "Layouts.csproj", "{D67F1AC9-425F-9964-4B77-243BB7D5FFC5}"
EndProject
Project("{FAE04EC0-301F-11D3-BF4B-00C04F79EFBC}") = "MapAuthoring", "MapAuthoring.csproj", "{14FC59C8-005F-E96C-A9E4-21239526B5EF}"
EndProject
Project("{FAE04EC0-301F-11D3-BF4B-00C04F79EFBC}") = "MapExploration", "MapExploration.csproj", "{7806E446-64D4-D74C-4D68-487339D5B3B1}"
EndProject
Project("{FAE04EC0-301F-11D3-BF4B-00C04F79EFBC}") = "ParcelFabric", "ParcelFabric.csproj", "{A3A78B5F-8F0A-1B04-3890-53BA24D2E686}"
EndProject
Project("{FAE04EC0-301F-11D3-BF4B-00C04F79EFBC}") = "Raster", "Raster.csproj", "{B65B42CE-A2FD-6CA4-8BB8-80F877F9F3F4}"
EndProject
Project("{FAE04EC0-301F-11D3-BF4B-00C04F79EFBC}") = "SceneLayers", "SceneLayers.csproj", "{43211249-AFD6-8A3E-38CB-8415A47F8142}"
EndProject
Project("{FAE04EC0-301F-11D3-BF4B-00C04F79EFBC}") = "Sharing", "Sharing.csproj", "{B16A95F2-1D4A-148E-2662-9F6492C07AEF}"
EndProject
Project("{FAE04EC0-301F-11D3-BF4B-00C04F79EFBC}") = "Task", "Task.csproj", "{38CB8C7C-2402-8E0D-CDEE-7310B9040A0F}"
EndProject
Project("{FAE04EC0-301F-11D3-BF4B-00C04F79EFBC}") = "UtilityNetwork", "UtilityNetwork.csproj", "{6355DB8A-4F23-CF90-38B7-3FB72424ABF5}"
EndProject
Project("{FAE04EC0-301F-11D3-BF4B-00C04F79EFBC}") = "WorkflowManager", "WorkflowManager.csproj", "{7B4BC9D2-E7D6-3697-F0E7-B98B5CF29297}"
EndProject
Global
	GlobalSection(SolutionConfigurationPlatforms) = preSolution
		Debug|x64 = Debug|x64
		Release|x64 = Release|x64
	EndGlobalSection
	GlobalSection(ProjectConfigurationPlatforms) = postSolution
		{60013234-CCE0-B0CF-D5F8-3BA641571731}.Debug|x64.ActiveCfg = Debug|x64
		{60013234-CCE0-B0CF-D5F8-3BA641571731}.Debug|x64.Build.0 = Debug|x64
		{60013234-CCE0-B0CF-D5F8-3BA641571731}.Release|x64.ActiveCfg = Release|x64
		{60013234-CCE0-B0CF-D5F8-3BA641571731}.Release|x64.Build.0 = Release|x64
		{EC7DA7C2-D84A-02CE-0164-F075ED8F375C}.Debug|x64.ActiveCfg = Debug|x64
		{EC7DA7C2-D84A-02CE-0164-F075ED8F375C}.Debug|x64.Build.0 = Debug|x64
		{EC7DA7C2-D84A-02CE-0164-F075ED8F375C}.Release|x64.ActiveCfg = Release|x64
		{EC7DA7C2-D84A-02CE-0164-F075ED8F375C}.Release|x64.Build.0 = Release|x64
		{695223B4-D531-A24F-DE49-2D264AA808B1}.Debug|x64.ActiveCfg = Debug|x64
		{695223B4-D531-A24F-DE49-2D264AA808B1}.Debug|x64.Build.0 = Debug|x64
		{695223B4-D531-A24F-DE49-2D264AA808B1}.Release|x64.ActiveCfg = Release|x64
		{695223B4-D531-A24F-DE49-2D264AA808B1}.Release|x64.Build.0 = Release|x64
		{1362EE31-7FCC-A2A8-C80A-544E34B480FD}.Debug|x64.ActiveCfg = Debug|x64
		{1362EE31-7FCC-A2A8-C80A-544E34B480FD}.Debug|x64.Build.0 = Debug|x64
		{1362EE31-7FCC-A2A8-C80A-544E34B480FD}.Release|x64.ActiveCfg = Release|x64
		{1362EE31-7FCC-A2A8-C80A-544E34B480FD}.Release|x64.Build.0 = Release|x64
		{9DC590DF-0986-0C16-D2C0-55933E4051F2}.Debug|x64.ActiveCfg = Debug|x64
		{9DC590DF-0986-0C16-D2C0-55933E4051F2}.Debug|x64.Build.0 = Debug|x64
		{9DC590DF-0986-0C16-D2C0-55933E4051F2}.Release|x64.ActiveCfg = Release|x64
		{9DC590DF-0986-0C16-D2C0-55933E4051F2}.Release|x64.Build.0 = Release|x64
		{37503055-231E-245B-0CB2-9481F81E00C0}.Debug|x64.ActiveCfg = Debug|x64
		{37503055-231E-245B-0CB2-9481F81E00C0}.Debug|x64.Build.0 = Debug|x64
		{37503055-231E-245B-0CB2-9481F81E00C0}.Release|x64.ActiveCfg = Release|x64
		{37503055-231E-245B-0CB2-9481F81E00C0}.Release|x64.Build.0 = Release|x64
		{31B8896B-1D85-E476-469E-D21E32CA1905}.Debug|x64.ActiveCfg = Debug|x64
		{31B8896B-1D85-E476-469E-D21E32CA1905}.Debug|x64.Build.0 = Debug|x64
		{31B8896B-1D85-E476-469E-D21E32CA1905}.Release|x64.ActiveCfg = Release|x64
		{31B8896B-1D85-E476-469E-D21E32CA1905}.Release|x64.Build.0 = Release|x64
		{E63AE9CD-D208-DDD3-BB9C-4DFAA709B938}.Debug|x64.ActiveCfg = Debug|x64
		{E63AE9CD-D208-DDD3-BB9C-4DFAA709B938}.Debug|x64.Build.0 = Debug|x64
		{E63AE9CD-D208-DDD3-BB9C-4DFAA709B938}.Release|x64.ActiveCfg = Release|x64
		{E63AE9CD-D208-DDD3-BB9C-4DFAA709B938}.Release|x64.Build.0 = Release|x64
		{D67F1AC9-425F-9964-4B77-243BB7D5FFC5}.Debug|x64.ActiveCfg = Debug|x64
		{D67F1AC9-425F-9964-4B77-243BB7D5FFC5}.Debug|x64.Build.0 = Debug|x64
		{D67F1AC9-425F-9964-4B77-243BB7D5FFC5}.Release|x64.ActiveCfg = Release|x64
		{D67F1AC9-425F-9964-4B77-243BB7D5FFC5}.Release|x64.Build.0 = Release|x64
		{14FC59C8-005F-E96C-A9E4-21239526B5EF}.Debug|x64.ActiveCfg = Debug|x64
		{14FC59C8-005F-E96C-A9E4-21239526B5EF}.Debug|x64.Build.0 = Debug|x64
		{14FC59C8-005F-E96C-A9E4-21239526B5EF}.Release|x64.ActiveCfg = Release|x64
		{14FC59C8-005F-E96C-A9E4-21239526B5EF}.Release|x64.Build.0 = Release|x64
		{7806E446-64D4-D74C-4D68-487339D5B3B1}.Debug|x64.ActiveCfg = Debug|x64
		{7806E446-64D4-D74C-4D68-487339D5B3B1}.Debug|x64.Build.0 = Debug|x64
		{7806E446-64D4-D74C-4D68-487339D5B3B1}.Release|x64.ActiveCfg = Release|x64
		{7806E446-64D4-D74C-4D68-487339D5B3B1}.Release|x64.Build.0 = Release|x64
		{A3A78B5F-8F0A-1B04-3890-53BA24D2E686}.Debug|x64.ActiveCfg = Debug|x64
		{A3A78B5F-8F0A-1B04-3890-53BA24D2E686}.Debug|x64.Build.0 = Debug|x64
		{A3A78B5F-8F0A-1B04-3890-53BA24D2E686}.Release|x64.ActiveCfg = Release|x64
		{A3A78B5F-8F0A-1B04-3890-53BA24D2E686}.Release|x64.Build.0 = Release|x64
		{B65B42CE-A2FD-6CA4-8BB8-80F877F9F3F4}.Debug|x64.ActiveCfg = Debug|x64
		{B65B42CE-A2FD-6CA4-8BB8-80F877F9F3F4}.Debug|x64.Build.0 = Debug|x64
		{B65B42CE-A2FD-6CA4-8BB8-80F877F9F3F4}.Release|x64.ActiveCfg = Release|x64
		{B65B42CE-A2FD-6CA4-8BB8-80F877F9F3F4}.Release|x64.Build.0 = Release|x64
		{43211249-AFD6-8A3E-38CB-8415A47F8142}.Debug|x64.ActiveCfg = Debug|x64
		{43211249-AFD6-8A3E-38CB-8415A47F8142}.Debug|x64.Build.0 = Debug|x64
		{43211249-AFD6-8A3E-38CB-8415A47F8142}.Release|x64.ActiveCfg = Release|x64
		{43211249-AFD6-8A3E-38CB-8415A47F8142}.Release|x64.Build.0 = Release|x64
		{B16A95F2-1D4A-148E-2662-9F6492C07AEF}.Debug|x64.ActiveCfg = Debug|x64
		{B16A95F2-1D4A-148E-2662-9F6492C07AEF}.Debug|x64.Build.0 = Debug|x64
		{B16A95F2-1D4A-148E-2662-9F6492C07AEF}.Release|x64.ActiveCfg = Release|x64
		{B16A95F2-1D4A-148E-2662-9F6492C07AEF}.Release|x64.Build.0 = Release|x64
		{38CB8C7C-2402-8E0D-CDEE-7310B9040A0F}.Debug|x64.ActiveCfg = Debug|x64
		{38CB8C7C-2402-8E0D-CDEE-7310B9040A0F}.Debug|x64.Build.0 = Debug|x64
		{38CB8C7C-2402-8E0D-CDEE-7310B9040A0F}.Release|x64.ActiveCfg = Release|x64
		{38CB8C7C-2402-8E0D-CDEE-7310B9040A0F}.Release|x64.Build.0 = Release|x64
		{6355DB8A-4F23-CF90-38B7-3FB72424ABF5}.Debug|x64.ActiveCfg = Debug|x64
		{6355DB8A-4F23-CF90-38B7-3FB72424ABF5}.Debug|x64.Build.0 = Debug|x64
		{6355DB8A-4F23-CF90-38B7-3FB72424ABF5}.Release|x64.ActiveCfg = Release|x64
		{6355DB8A-4F23-CF90-38B7-3FB72424ABF5}.Release|x64.Build.0 = Release|x64
		{7B4BC9D2-E7D6-3697-F0E7-B98B5CF29297}.Debug|x64.ActiveCfg = Debug|x64
		{7B4BC9D2-E7D6-3697-F0E7-B98B5CF29297}.Debug|x64.Build.0 = Debug|x64
		{7B4BC9D2-E7D6-3697-F0E7-B98B5CF29297}.Release|x64.ActiveCfg = Release|x64
		{7B4BC9D2-E7D6-3697-F0E7-B98B5CF29297}.Release|x64.Build.0 = Release|x64
	EndGlobalSection
	GlobalSection(SolutionProperties) = preSolution
		HideSolutionNode = FALSE
	EndGlobalSection
EndGlobal
