
Microsoft Visual Studio Solution File, Format Version 12.00
# Visual Studio Version 17
VisualStudioVersion = 17.6.33829.357
MinimumVisualStudioVersion = 10.0.40219.1
Project("{9A19103F-16F7-4668-BE54-9A1E7A4F7556}") = "Content", "Content\Content.csproj", "{60013234-CCE0-B0CF-D5F8-3BA641571731}"
EndProject
Project("{9A19103F-16F7-4668-BE54-9A1E7A4F7556}") = "CoreHost", "CoreHost\CoreHost.csproj", "{EC7DA7C2-D84A-02CE-0164-F075ED8F375C}"
EndProject
Project("{9A19103F-16F7-4668-BE54-9A1E7A4F7556}") = "Editing", "Editing\Editing.csproj", "{695223B4-D531-A24F-DE49-2D264AA808B1}"
EndProject
Project("{9A19103F-16F7-4668-BE54-9A1E7A4F7556}") = "Framework", "Framework\Framework.csproj", "{1362EE31-7FCC-A2A8-C80A-544E34B480FD}"
EndProject
Project("{9A19103F-16F7-4668-BE54-9A1E7A4F7556}") = "GeoProcessing", "GeoProcessing\GeoProcessing.csproj", "{9DC590DF-0986-0C16-D2C0-55933E4051F2}"
EndProject
Project("{9A19103F-16F7-4668-BE54-9A1E7A4F7556}") = "GeodatabaseSDK", "Geodatabase\GeodatabaseSDK.csproj", "{37503055-231E-245B-0CB2-9481F81E00C0}"
EndProject
Project("{9A19103F-16F7-4668-BE54-9A1E7A4F7556}") = "Geometry", "Geometry\Geometry.csproj", "{31B8896B-1D85-E476-469E-D21E32CA1905}"
EndProject
Project("{9A19103F-16F7-4668-BE54-9A1E7A4F7556}") = "GraphicsLayers", "GraphicsLayers\GraphicsLayers.csproj", "{E63AE9CD-D208-DDD3-BB9C-4DFAA709B938}"
EndProject
Project("{9A19103F-16F7-4668-BE54-9A1E7A4F7556}") = "Layouts", "Layouts\Layouts.csproj", "{D67F1AC9-425F-9964-4B77-243BB7D5FFC5}"
EndProject
Project("{9A19103F-16F7-4668-BE54-9A1E7A4F7556}") = "MapAuthoring", "MapAuthoring\MapAuthoring.csproj", "{14FC59C8-005F-E96C-A9E4-21239526B5EF}"
EndProject
Project("{9A19103F-16F7-4668-BE54-9A1E7A4F7556}") = "MapExploration", "MapExploration\MapExploration.csproj", "{7806E446-64D4-D74C-4D68-487339D5B3B1}"
EndProject
Project("{9A19103F-16F7-4668-BE54-9A1E7A4F7556}") = "ParcelFabric", "ParcelFabric\ParcelFabric.csproj", "{A3A78B5F-8F0A-1B04-3890-53BA24D2E686}"
EndProject
Project("{9A19103F-16F7-4668-BE54-9A1E7A4F7556}") = "Raster", "Raster\Raster.csproj", "{B65B42CE-A2FD-6CA4-8BB8-80F877F9F3F4}"
EndProject
Project("{9A19103F-16F7-4668-BE54-9A1E7A4F7556}") = "SceneLayers", "SceneLayers\SceneLayers.csproj", "{43211249-AFD6-8A3E-38CB-8415A47F8142}"
EndProject
Project("{9A19103F-16F7-4668-BE54-9A1E7A4F7556}") = "Sharing", "Sharing\Sharing.csproj", "{B16A95F2-1D4A-148E-2662-9F6492C07AEF}"
EndProject
Project("{9A19103F-16F7-4668-BE54-9A1E7A4F7556}") = "Task", "Tasks\Task.csproj", "{38CB8C7C-2402-8E0D-CDEE-7310B9040A0F}"
EndProject
Project("{9A19103F-16F7-4668-BE54-9A1E7A4F7556}") = "UtilityNetwork", "UtilityNetwork\UtilityNetwork.csproj", "{6355DB8A-4F23-CF90-38B7-3FB72424ABF5}"
EndProject
Project("{9A19103F-16F7-4668-BE54-9A1E7A4F7556}") = "WorkflowManager", "WorkflowManager\WorkflowManager.csproj", "{7B4BC9D2-E7D6-3697-F0E7-B98B5CF29297}"
EndProject
Project("{9A19103F-16F7-4668-BE54-9A1E7A4F7556}") = "KnowledgeGraph", "KnowledgeGraph\KnowledgeGraph.csproj", "{6DD2B170-63B2-478A-8308-D70688DCDB1C}"
EndProject
Project("{FAE04EC0-301F-11D3-BF4B-00C04F79EFBC}") = "Arcade", "Arcade\Arcade.csproj", "{22B1984A-5ADF-41A5-8B5F-074C1785D7EC}"
EndProject
Global
	GlobalSection(SolutionConfigurationPlatforms) = preSolution
		Debug|Any CPU = Debug|Any CPU
		Debug|x64 = Debug|x64
		Release|Any CPU = Release|Any CPU
		Release|x64 = Release|x64
	EndGlobalSection
	GlobalSection(ProjectConfigurationPlatforms) = postSolution
		{60013234-CCE0-B0CF-D5F8-3BA641571731}.Debug|Any CPU.ActiveCfg = Debug|Any CPU
		{60013234-CCE0-B0CF-D5F8-3BA641571731}.Debug|Any CPU.Build.0 = Debug|Any CPU
		{60013234-CCE0-B0CF-D5F8-3BA641571731}.Debug|x64.ActiveCfg = Debug|Any CPU
		{60013234-CCE0-B0CF-D5F8-3BA641571731}.Debug|x64.Build.0 = Debug|Any CPU
		{60013234-CCE0-B0CF-D5F8-3BA641571731}.Release|Any CPU.ActiveCfg = Release|Any CPU
		{60013234-CCE0-B0CF-D5F8-3BA641571731}.Release|Any CPU.Build.0 = Release|Any CPU
		{60013234-CCE0-B0CF-D5F8-3BA641571731}.Release|x64.ActiveCfg = Release|x64
		{60013234-CCE0-B0CF-D5F8-3BA641571731}.Release|x64.Build.0 = Release|x64
		{EC7DA7C2-D84A-02CE-0164-F075ED8F375C}.Debug|Any CPU.ActiveCfg = Debug|Any CPU
		{EC7DA7C2-D84A-02CE-0164-F075ED8F375C}.Debug|Any CPU.Build.0 = Debug|Any CPU
		{EC7DA7C2-D84A-02CE-0164-F075ED8F375C}.Debug|x64.ActiveCfg = Debug|Any CPU
		{EC7DA7C2-D84A-02CE-0164-F075ED8F375C}.Debug|x64.Build.0 = Debug|Any CPU
		{EC7DA7C2-D84A-02CE-0164-F075ED8F375C}.Release|Any CPU.ActiveCfg = Release|Any CPU
		{EC7DA7C2-D84A-02CE-0164-F075ED8F375C}.Release|Any CPU.Build.0 = Release|Any CPU
		{EC7DA7C2-D84A-02CE-0164-F075ED8F375C}.Release|x64.ActiveCfg = Release|x64
		{EC7DA7C2-D84A-02CE-0164-F075ED8F375C}.Release|x64.Build.0 = Release|x64
		{695223B4-D531-A24F-DE49-2D264AA808B1}.Debug|Any CPU.ActiveCfg = Debug|Any CPU
		{695223B4-D531-A24F-DE49-2D264AA808B1}.Debug|Any CPU.Build.0 = Debug|Any CPU
		{695223B4-D531-A24F-DE49-2D264AA808B1}.Debug|x64.ActiveCfg = Debug|Any CPU
		{695223B4-D531-A24F-DE49-2D264AA808B1}.Debug|x64.Build.0 = Debug|Any CPU
		{695223B4-D531-A24F-DE49-2D264AA808B1}.Release|Any CPU.ActiveCfg = Release|Any CPU
		{695223B4-D531-A24F-DE49-2D264AA808B1}.Release|Any CPU.Build.0 = Release|Any CPU
		{695223B4-D531-A24F-DE49-2D264AA808B1}.Release|x64.ActiveCfg = Release|x64
		{695223B4-D531-A24F-DE49-2D264AA808B1}.Release|x64.Build.0 = Release|x64
		{1362EE31-7FCC-A2A8-C80A-544E34B480FD}.Debug|Any CPU.ActiveCfg = Debug|Any CPU
		{1362EE31-7FCC-A2A8-C80A-544E34B480FD}.Debug|Any CPU.Build.0 = Debug|Any CPU
		{1362EE31-7FCC-A2A8-C80A-544E34B480FD}.Debug|x64.ActiveCfg = Debug|Any CPU
		{1362EE31-7FCC-A2A8-C80A-544E34B480FD}.Debug|x64.Build.0 = Debug|Any CPU
		{1362EE31-7FCC-A2A8-C80A-544E34B480FD}.Release|Any CPU.ActiveCfg = Release|Any CPU
		{1362EE31-7FCC-A2A8-C80A-544E34B480FD}.Release|Any CPU.Build.0 = Release|Any CPU
		{1362EE31-7FCC-A2A8-C80A-544E34B480FD}.Release|x64.ActiveCfg = Release|x64
		{1362EE31-7FCC-A2A8-C80A-544E34B480FD}.Release|x64.Build.0 = Release|x64
		{9DC590DF-0986-0C16-D2C0-55933E4051F2}.Debug|Any CPU.ActiveCfg = Debug|Any CPU
		{9DC590DF-0986-0C16-D2C0-55933E4051F2}.Debug|Any CPU.Build.0 = Debug|Any CPU
		{9DC590DF-0986-0C16-D2C0-55933E4051F2}.Debug|x64.ActiveCfg = Debug|Any CPU
		{9DC590DF-0986-0C16-D2C0-55933E4051F2}.Debug|x64.Build.0 = Debug|Any CPU
		{9DC590DF-0986-0C16-D2C0-55933E4051F2}.Release|Any CPU.ActiveCfg = Release|Any CPU
		{9DC590DF-0986-0C16-D2C0-55933E4051F2}.Release|Any CPU.Build.0 = Release|Any CPU
		{9DC590DF-0986-0C16-D2C0-55933E4051F2}.Release|x64.ActiveCfg = Release|x64
		{9DC590DF-0986-0C16-D2C0-55933E4051F2}.Release|x64.Build.0 = Release|x64
		{37503055-231E-245B-0CB2-9481F81E00C0}.Debug|Any CPU.ActiveCfg = Debug|Any CPU
		{37503055-231E-245B-0CB2-9481F81E00C0}.Debug|Any CPU.Build.0 = Debug|Any CPU
		{37503055-231E-245B-0CB2-9481F81E00C0}.Debug|x64.ActiveCfg = Debug|Any CPU
		{37503055-231E-245B-0CB2-9481F81E00C0}.Debug|x64.Build.0 = Debug|Any CPU
		{37503055-231E-245B-0CB2-9481F81E00C0}.Release|Any CPU.ActiveCfg = Release|Any CPU
		{37503055-231E-245B-0CB2-9481F81E00C0}.Release|Any CPU.Build.0 = Release|Any CPU
		{37503055-231E-245B-0CB2-9481F81E00C0}.Release|x64.ActiveCfg = Release|x64
		{37503055-231E-245B-0CB2-9481F81E00C0}.Release|x64.Build.0 = Release|x64
		{31B8896B-1D85-E476-469E-D21E32CA1905}.Debug|Any CPU.ActiveCfg = Debug|Any CPU
		{31B8896B-1D85-E476-469E-D21E32CA1905}.Debug|Any CPU.Build.0 = Debug|Any CPU
		{31B8896B-1D85-E476-469E-D21E32CA1905}.Debug|x64.ActiveCfg = Debug|Any CPU
		{31B8896B-1D85-E476-469E-D21E32CA1905}.Debug|x64.Build.0 = Debug|Any CPU
		{31B8896B-1D85-E476-469E-D21E32CA1905}.Release|Any CPU.ActiveCfg = Release|Any CPU
		{31B8896B-1D85-E476-469E-D21E32CA1905}.Release|Any CPU.Build.0 = Release|Any CPU
		{31B8896B-1D85-E476-469E-D21E32CA1905}.Release|x64.ActiveCfg = Release|x64
		{31B8896B-1D85-E476-469E-D21E32CA1905}.Release|x64.Build.0 = Release|x64
		{E63AE9CD-D208-DDD3-BB9C-4DFAA709B938}.Debug|Any CPU.ActiveCfg = Debug|Any CPU
		{E63AE9CD-D208-DDD3-BB9C-4DFAA709B938}.Debug|Any CPU.Build.0 = Debug|Any CPU
		{E63AE9CD-D208-DDD3-BB9C-4DFAA709B938}.Debug|x64.ActiveCfg = Debug|Any CPU
		{E63AE9CD-D208-DDD3-BB9C-4DFAA709B938}.Debug|x64.Build.0 = Debug|Any CPU
		{E63AE9CD-D208-DDD3-BB9C-4DFAA709B938}.Release|Any CPU.ActiveCfg = Release|Any CPU
		{E63AE9CD-D208-DDD3-BB9C-4DFAA709B938}.Release|Any CPU.Build.0 = Release|Any CPU
		{E63AE9CD-D208-DDD3-BB9C-4DFAA709B938}.Release|x64.ActiveCfg = Release|x64
		{E63AE9CD-D208-DDD3-BB9C-4DFAA709B938}.Release|x64.Build.0 = Release|x64
		{D67F1AC9-425F-9964-4B77-243BB7D5FFC5}.Debug|Any CPU.ActiveCfg = Debug|Any CPU
		{D67F1AC9-425F-9964-4B77-243BB7D5FFC5}.Debug|Any CPU.Build.0 = Debug|Any CPU
		{D67F1AC9-425F-9964-4B77-243BB7D5FFC5}.Debug|x64.ActiveCfg = Debug|Any CPU
		{D67F1AC9-425F-9964-4B77-243BB7D5FFC5}.Debug|x64.Build.0 = Debug|Any CPU
		{D67F1AC9-425F-9964-4B77-243BB7D5FFC5}.Release|Any CPU.ActiveCfg = Release|Any CPU
		{D67F1AC9-425F-9964-4B77-243BB7D5FFC5}.Release|Any CPU.Build.0 = Release|Any CPU
		{D67F1AC9-425F-9964-4B77-243BB7D5FFC5}.Release|x64.ActiveCfg = Release|x64
		{D67F1AC9-425F-9964-4B77-243BB7D5FFC5}.Release|x64.Build.0 = Release|x64
		{14FC59C8-005F-E96C-A9E4-21239526B5EF}.Debug|Any CPU.ActiveCfg = Debug|Any CPU
		{14FC59C8-005F-E96C-A9E4-21239526B5EF}.Debug|Any CPU.Build.0 = Debug|Any CPU
		{14FC59C8-005F-E96C-A9E4-21239526B5EF}.Debug|x64.ActiveCfg = Debug|Any CPU
		{14FC59C8-005F-E96C-A9E4-21239526B5EF}.Debug|x64.Build.0 = Debug|Any CPU
		{14FC59C8-005F-E96C-A9E4-21239526B5EF}.Release|Any CPU.ActiveCfg = Release|Any CPU
		{14FC59C8-005F-E96C-A9E4-21239526B5EF}.Release|Any CPU.Build.0 = Release|Any CPU
		{14FC59C8-005F-E96C-A9E4-21239526B5EF}.Release|x64.ActiveCfg = Release|Any CPU
		{14FC59C8-005F-E96C-A9E4-21239526B5EF}.Release|x64.Build.0 = Release|Any CPU
		{7806E446-64D4-D74C-4D68-487339D5B3B1}.Debug|Any CPU.ActiveCfg = Debug|Any CPU
		{7806E446-64D4-D74C-4D68-487339D5B3B1}.Debug|Any CPU.Build.0 = Debug|Any CPU
		{7806E446-64D4-D74C-4D68-487339D5B3B1}.Debug|x64.ActiveCfg = Debug|Any CPU
		{7806E446-64D4-D74C-4D68-487339D5B3B1}.Debug|x64.Build.0 = Debug|Any CPU
		{7806E446-64D4-D74C-4D68-487339D5B3B1}.Release|Any CPU.ActiveCfg = Release|Any CPU
		{7806E446-64D4-D74C-4D68-487339D5B3B1}.Release|Any CPU.Build.0 = Release|Any CPU
		{7806E446-64D4-D74C-4D68-487339D5B3B1}.Release|x64.ActiveCfg = Release|x64
		{7806E446-64D4-D74C-4D68-487339D5B3B1}.Release|x64.Build.0 = Release|x64
		{A3A78B5F-8F0A-1B04-3890-53BA24D2E686}.Debug|Any CPU.ActiveCfg = Debug|Any CPU
		{A3A78B5F-8F0A-1B04-3890-53BA24D2E686}.Debug|Any CPU.Build.0 = Debug|Any CPU
		{A3A78B5F-8F0A-1B04-3890-53BA24D2E686}.Debug|x64.ActiveCfg = Debug|Any CPU
		{A3A78B5F-8F0A-1B04-3890-53BA24D2E686}.Debug|x64.Build.0 = Debug|Any CPU
		{A3A78B5F-8F0A-1B04-3890-53BA24D2E686}.Release|Any CPU.ActiveCfg = Release|Any CPU
		{A3A78B5F-8F0A-1B04-3890-53BA24D2E686}.Release|Any CPU.Build.0 = Release|Any CPU
		{A3A78B5F-8F0A-1B04-3890-53BA24D2E686}.Release|x64.ActiveCfg = Release|x64
		{A3A78B5F-8F0A-1B04-3890-53BA24D2E686}.Release|x64.Build.0 = Release|x64
		{B65B42CE-A2FD-6CA4-8BB8-80F877F9F3F4}.Debug|Any CPU.ActiveCfg = Debug|Any CPU
		{B65B42CE-A2FD-6CA4-8BB8-80F877F9F3F4}.Debug|Any CPU.Build.0 = Debug|Any CPU
		{B65B42CE-A2FD-6CA4-8BB8-80F877F9F3F4}.Debug|x64.ActiveCfg = Debug|Any CPU
		{B65B42CE-A2FD-6CA4-8BB8-80F877F9F3F4}.Debug|x64.Build.0 = Debug|Any CPU
		{B65B42CE-A2FD-6CA4-8BB8-80F877F9F3F4}.Release|Any CPU.ActiveCfg = Release|Any CPU
		{B65B42CE-A2FD-6CA4-8BB8-80F877F9F3F4}.Release|Any CPU.Build.0 = Release|Any CPU
		{B65B42CE-A2FD-6CA4-8BB8-80F877F9F3F4}.Release|x64.ActiveCfg = Release|x64
		{B65B42CE-A2FD-6CA4-8BB8-80F877F9F3F4}.Release|x64.Build.0 = Release|x64
		{43211249-AFD6-8A3E-38CB-8415A47F8142}.Debug|Any CPU.ActiveCfg = Debug|Any CPU
		{43211249-AFD6-8A3E-38CB-8415A47F8142}.Debug|Any CPU.Build.0 = Debug|Any CPU
		{43211249-AFD6-8A3E-38CB-8415A47F8142}.Debug|x64.ActiveCfg = Debug|Any CPU
		{43211249-AFD6-8A3E-38CB-8415A47F8142}.Debug|x64.Build.0 = Debug|Any CPU
		{43211249-AFD6-8A3E-38CB-8415A47F8142}.Release|Any CPU.ActiveCfg = Release|Any CPU
		{43211249-AFD6-8A3E-38CB-8415A47F8142}.Release|Any CPU.Build.0 = Release|Any CPU
		{43211249-AFD6-8A3E-38CB-8415A47F8142}.Release|x64.ActiveCfg = Release|x64
		{43211249-AFD6-8A3E-38CB-8415A47F8142}.Release|x64.Build.0 = Release|x64
		{B16A95F2-1D4A-148E-2662-9F6492C07AEF}.Debug|Any CPU.ActiveCfg = Debug|Any CPU
		{B16A95F2-1D4A-148E-2662-9F6492C07AEF}.Debug|Any CPU.Build.0 = Debug|Any CPU
		{B16A95F2-1D4A-148E-2662-9F6492C07AEF}.Debug|x64.ActiveCfg = Debug|Any CPU
		{B16A95F2-1D4A-148E-2662-9F6492C07AEF}.Debug|x64.Build.0 = Debug|Any CPU
		{B16A95F2-1D4A-148E-2662-9F6492C07AEF}.Release|Any CPU.ActiveCfg = Release|Any CPU
		{B16A95F2-1D4A-148E-2662-9F6492C07AEF}.Release|Any CPU.Build.0 = Release|Any CPU
		{B16A95F2-1D4A-148E-2662-9F6492C07AEF}.Release|x64.ActiveCfg = Release|x64
		{B16A95F2-1D4A-148E-2662-9F6492C07AEF}.Release|x64.Build.0 = Release|x64
		{38CB8C7C-2402-8E0D-CDEE-7310B9040A0F}.Debug|Any CPU.ActiveCfg = Debug|Any CPU
		{38CB8C7C-2402-8E0D-CDEE-7310B9040A0F}.Debug|Any CPU.Build.0 = Debug|Any CPU
		{38CB8C7C-2402-8E0D-CDEE-7310B9040A0F}.Debug|x64.ActiveCfg = Debug|Any CPU
		{38CB8C7C-2402-8E0D-CDEE-7310B9040A0F}.Debug|x64.Build.0 = Debug|Any CPU
		{38CB8C7C-2402-8E0D-CDEE-7310B9040A0F}.Release|Any CPU.ActiveCfg = Release|Any CPU
		{38CB8C7C-2402-8E0D-CDEE-7310B9040A0F}.Release|Any CPU.Build.0 = Release|Any CPU
		{38CB8C7C-2402-8E0D-CDEE-7310B9040A0F}.Release|x64.ActiveCfg = Release|x64
		{38CB8C7C-2402-8E0D-CDEE-7310B9040A0F}.Release|x64.Build.0 = Release|x64
		{6355DB8A-4F23-CF90-38B7-3FB72424ABF5}.Debug|Any CPU.ActiveCfg = Debug|Any CPU
		{6355DB8A-4F23-CF90-38B7-3FB72424ABF5}.Debug|Any CPU.Build.0 = Debug|Any CPU
		{6355DB8A-4F23-CF90-38B7-3FB72424ABF5}.Debug|x64.ActiveCfg = Debug|Any CPU
		{6355DB8A-4F23-CF90-38B7-3FB72424ABF5}.Debug|x64.Build.0 = Debug|Any CPU
		{6355DB8A-4F23-CF90-38B7-3FB72424ABF5}.Release|Any CPU.ActiveCfg = Release|Any CPU
		{6355DB8A-4F23-CF90-38B7-3FB72424ABF5}.Release|Any CPU.Build.0 = Release|Any CPU
		{6355DB8A-4F23-CF90-38B7-3FB72424ABF5}.Release|x64.ActiveCfg = Release|x64
		{6355DB8A-4F23-CF90-38B7-3FB72424ABF5}.Release|x64.Build.0 = Release|x64
		{7B4BC9D2-E7D6-3697-F0E7-B98B5CF29297}.Debug|Any CPU.ActiveCfg = Debug|Any CPU
		{7B4BC9D2-E7D6-3697-F0E7-B98B5CF29297}.Debug|Any CPU.Build.0 = Debug|Any CPU
		{7B4BC9D2-E7D6-3697-F0E7-B98B5CF29297}.Debug|x64.ActiveCfg = Debug|Any CPU
		{7B4BC9D2-E7D6-3697-F0E7-B98B5CF29297}.Debug|x64.Build.0 = Debug|Any CPU
		{7B4BC9D2-E7D6-3697-F0E7-B98B5CF29297}.Release|Any CPU.ActiveCfg = Release|Any CPU
		{7B4BC9D2-E7D6-3697-F0E7-B98B5CF29297}.Release|Any CPU.Build.0 = Release|Any CPU
		{7B4BC9D2-E7D6-3697-F0E7-B98B5CF29297}.Release|x64.ActiveCfg = Release|x64
		{7B4BC9D2-E7D6-3697-F0E7-B98B5CF29297}.Release|x64.Build.0 = Release|x64
		{6DD2B170-63B2-478A-8308-D70688DCDB1C}.Debug|Any CPU.ActiveCfg = Debug|Any CPU
		{6DD2B170-63B2-478A-8308-D70688DCDB1C}.Debug|Any CPU.Build.0 = Debug|Any CPU
		{6DD2B170-63B2-478A-8308-D70688DCDB1C}.Debug|x64.ActiveCfg = Debug|Any CPU
		{6DD2B170-63B2-478A-8308-D70688DCDB1C}.Debug|x64.Build.0 = Debug|Any CPU
		{6DD2B170-63B2-478A-8308-D70688DCDB1C}.Release|Any CPU.ActiveCfg = Release|Any CPU
		{6DD2B170-63B2-478A-8308-D70688DCDB1C}.Release|Any CPU.Build.0 = Release|Any CPU
		{6DD2B170-63B2-478A-8308-D70688DCDB1C}.Release|x64.ActiveCfg = Release|Any CPU
		{6DD2B170-63B2-478A-8308-D70688DCDB1C}.Release|x64.Build.0 = Release|Any CPU
		{22B1984A-5ADF-41A5-8B5F-074C1785D7EC}.Debug|Any CPU.ActiveCfg = Debug|Any CPU
		{22B1984A-5ADF-41A5-8B5F-074C1785D7EC}.Debug|Any CPU.Build.0 = Debug|Any CPU
		{22B1984A-5ADF-41A5-8B5F-074C1785D7EC}.Debug|x64.ActiveCfg = Debug|Any CPU
		{22B1984A-5ADF-41A5-8B5F-074C1785D7EC}.Debug|x64.Build.0 = Debug|Any CPU
		{22B1984A-5ADF-41A5-8B5F-074C1785D7EC}.Release|Any CPU.ActiveCfg = Release|Any CPU
		{22B1984A-5ADF-41A5-8B5F-074C1785D7EC}.Release|Any CPU.Build.0 = Release|Any CPU
		{22B1984A-5ADF-41A5-8B5F-074C1785D7EC}.Release|x64.ActiveCfg = Release|Any CPU
		{22B1984A-5ADF-41A5-8B5F-074C1785D7EC}.Release|x64.Build.0 = Release|Any CPU
	EndGlobalSection
	GlobalSection(SolutionProperties) = preSolution
		HideSolutionNode = FALSE
	EndGlobalSection
	GlobalSection(ExtensibilityGlobals) = postSolution
		SolutionGuid = {A4BD3F0C-ABE7-4339-893E-7B169CA76AF5}
	EndGlobalSection
EndGlobal
