
Microsoft Visual Studio Solution File, Format Version 12.00
# Visual Studio Version 17
VisualStudioVersion = 17.1.32319.34
MinimumVisualStudioVersion = 10.0.40219.1
Project("{9A19103F-16F7-4668-BE54-9A1E7A4F7556}") = "UtilityNetwork", "UtilityNetwork.csproj", "{912D8B6A-C2AE-4448-8383-65ECA2302B59}"
EndProject
Global
	GlobalSection(SolutionConfigurationPlatforms) = preSolution
		Debug|Any CPU = Debug|Any CPU
		Release|Any CPU = Release|Any CPU
	EndGlobalSection
	GlobalSection(ProjectConfigurationPlatforms) = postSolution
		{912D8B6A-C2AE-4448-8383-65ECA2302B59}.Debug|Any CPU.ActiveCfg = Debug|Any CPU
		{912D8B6A-C2AE-4448-8383-65ECA2302B59}.Debug|Any CPU.Build.0 = Debug|Any CPU
		{912D8B6A-C2AE-4448-8383-65ECA2302B59}.Release|Any CPU.ActiveCfg = Release|Any CPU
		{912D8B6A-C2AE-4448-8383-65ECA2302B59}.Release|Any CPU.Build.0 = Release|Any CPU
	EndGlobalSection
	GlobalSection(SolutionProperties) = preSolution
		HideSolutionNode = FALSE
	EndGlobalSection
	GlobalSection(ExtensibilityGlobals) = postSolution
		SolutionGuid = {B7D7A9E9-E473-424E-83F9-045D1D108A09}
	EndGlobalSection
EndGlobal
