
Microsoft Visual Studio Solution File, Format Version 12.00
# Visual Studio Version 17
VisualStudioVersion = 17.4.33122.133
MinimumVisualStudioVersion = 10.0.40219.1
Project("{9A19103F-16F7-4668-BE54-9A1E7A4F7556}") = "Geometry", "Geometry.csproj", "{4B4383EB-D7D3-47E7-BDB9-4DF70EB7794E}"
EndProject
Global
	GlobalSection(SolutionConfigurationPlatforms) = preSolution
		Debug|Any CPU = Debug|Any CPU
		Release|Any CPU = Release|Any CPU
	EndGlobalSection
	GlobalSection(ProjectConfigurationPlatforms) = postSolution
		{4B4383EB-D7D3-47E7-BDB9-4DF70EB7794E}.Debug|Any CPU.ActiveCfg = Debug|Any CPU
		{4B4383EB-D7D3-47E7-BDB9-4DF70EB7794E}.Debug|Any CPU.Build.0 = Debug|Any CPU
		{4B4383EB-D7D3-47E7-BDB9-4DF70EB7794E}.Release|Any CPU.ActiveCfg = Release|Any CPU
		{4B4383EB-D7D3-47E7-BDB9-4DF70EB7794E}.Release|Any CPU.Build.0 = Release|Any CPU
	EndGlobalSection
	GlobalSection(SolutionProperties) = preSolution
		HideSolutionNode = FALSE
	EndGlobalSection
	GlobalSection(ExtensibilityGlobals) = postSolution
		SolutionGuid = {5878175F-92A5-469B-96D9-EC1609882B8F}
	EndGlobalSection
EndGlobal
