
Microsoft Visual Studio Solution File, Format Version 12.00
# Visual Studio Version 17
VisualStudioVersion = 17.3.32819.101
MinimumVisualStudioVersion = 10.0.40219.1
Project("{9A19103F-16F7-4668-BE54-9A1E7A4F7556}") = "MapExploration", "MapExploration.csproj", "{27F3B647-1CB6-4AEE-A94A-64D4F5B16551}"
EndProject
Global
	GlobalSection(SolutionConfigurationPlatforms) = preSolution
		Debug|Any CPU = Debug|Any CPU
		Release|Any CPU = Release|Any CPU
	EndGlobalSection
	GlobalSection(ProjectConfigurationPlatforms) = postSolution
		{27F3B647-1CB6-4AEE-A94A-64D4F5B16551}.Debug|Any CPU.ActiveCfg = Debug|Any CPU
		{27F3B647-1CB6-4AEE-A94A-64D4F5B16551}.Debug|Any CPU.Build.0 = Debug|Any CPU
		{27F3B647-1CB6-4AEE-A94A-64D4F5B16551}.Release|Any CPU.ActiveCfg = Release|Any CPU
		{27F3B647-1CB6-4AEE-A94A-64D4F5B16551}.Release|Any CPU.Build.0 = Release|Any CPU
	EndGlobalSection
	GlobalSection(SolutionProperties) = preSolution
		HideSolutionNode = FALSE
	EndGlobalSection
	GlobalSection(ExtensibilityGlobals) = postSolution
		SolutionGuid = {9B330E83-3021-4EE3-A5A9-C7741D4D89AD}
	EndGlobalSection
EndGlobal
