
Microsoft Visual Studio Solution File, Format Version 12.00
# Visual Studio Version 17
VisualStudioVersion = 17.1.32319.34
MinimumVisualStudioVersion = 10.0.40219.1
Project("{9A19103F-16F7-4668-BE54-9A1E7A4F7556}") = "Raster", "Raster.csproj", "{64E830AF-B167-4FB8-949D-B6787532412F}"
EndProject
Global
	GlobalSection(SolutionConfigurationPlatforms) = preSolution
		Debug|Any CPU = Debug|Any CPU
		Release|Any CPU = Release|Any CPU
	EndGlobalSection
	GlobalSection(ProjectConfigurationPlatforms) = postSolution
		{64E830AF-B167-4FB8-949D-B6787532412F}.Debug|Any CPU.ActiveCfg = Debug|Any CPU
		{64E830AF-B167-4FB8-949D-B6787532412F}.Debug|Any CPU.Build.0 = Debug|Any CPU
		{64E830AF-B167-4FB8-949D-B6787532412F}.Release|Any CPU.ActiveCfg = Release|Any CPU
		{64E830AF-B167-4FB8-949D-B6787532412F}.Release|Any CPU.Build.0 = Release|Any CPU
	EndGlobalSection
	GlobalSection(SolutionProperties) = preSolution
		HideSolutionNode = FALSE
	EndGlobalSection
	GlobalSection(ExtensibilityGlobals) = postSolution
		SolutionGuid = {CB76CC1D-7B0F-486B-A76A-E709481AD909}
	EndGlobalSection
EndGlobal
