
Microsoft Visual Studio Solution File, Format Version 12.00
# Visual Studio Version 17
VisualStudioVersion = 17.1.32319.34
MinimumVisualStudioVersion = 10.0.40219.1
Project("{9A19103F-16F7-4668-BE54-9A1E7A4F7556}") = "WorkflowManager", "WorkflowManager.csproj", "{1C09B2C8-2ABE-46A9-89A4-8E8397E192BF}"
EndProject
Global
	GlobalSection(SolutionConfigurationPlatforms) = preSolution
		Debug|Any CPU = Debug|Any CPU
		Release|Any CPU = Release|Any CPU
	EndGlobalSection
	GlobalSection(ProjectConfigurationPlatforms) = postSolution
		{1C09B2C8-2ABE-46A9-89A4-8E8397E192BF}.Debug|Any CPU.ActiveCfg = Debug|Any CPU
		{1C09B2C8-2ABE-46A9-89A4-8E8397E192BF}.Debug|Any CPU.Build.0 = Debug|Any CPU
		{1C09B2C8-2ABE-46A9-89A4-8E8397E192BF}.Release|Any CPU.ActiveCfg = Release|Any CPU
		{1C09B2C8-2ABE-46A9-89A4-8E8397E192BF}.Release|Any CPU.Build.0 = Release|Any CPU
	EndGlobalSection
	GlobalSection(SolutionProperties) = preSolution
		HideSolutionNode = FALSE
	EndGlobalSection
	GlobalSection(ExtensibilityGlobals) = postSolution
		SolutionGuid = {752B02E9-607A-4308-B234-FB87E107563D}
	EndGlobalSection
EndGlobal
